
Microsoft Visual Studio Solution File, Format Version 12.00
# Visual Studio Version 17
VisualStudioVersion = 17.13.35507.96
MinimumVisualStudioVersion = 10.0.40219.1
Project("{8BC9CEB8-8B4A-11D0-8D11-00A0C91BC942}") = "3DRenderer", "3DRenderer\3DRenderer.vcxproj", "{7D4F43B6-A7DD-4D79-B7E5-DE01BA519AA3}"
EndProject
Project("{8BC9CEB8-8B4A-11D0-8D11-00A0C91BC942}") = "MiscFiles", "MiscFiles\MiscFiles.vcxitems", "{2DDC48D8-A13E-494C-AE79-A55CE5810D04}"
EndProject
Global
	GlobalSection(SolutionConfigurationPlatforms) = preSolution
		Debug|x64 = Debug|x64
		Release|x64 = Release|x64
	EndGlobalSection
	GlobalSection(ProjectConfigurationPlatforms) = postSolution
		{7D4F43B6-A7DD-4D79-B7E5-DE01BA519AA3}.Debug|x64.ActiveCfg = Debug|x64
		{7D4F43B6-A7DD-4D79-B7E5-DE01BA519AA3}.Debug|x64.Build.0 = Debug|x64
		{7D4F43B6-A7DD-4D79-B7E5-DE01BA519AA3}.Release|x64.ActiveCfg = Release|x64
		{7D4F43B6-A7DD-4D79-B7E5-DE01BA519AA3}.Release|x64.Build.0 = Release|x64
	EndGlobalSection
	GlobalSection(SolutionProperties) = preSolution
		HideSolutionNode = FALSE
	EndGlobalSection
	GlobalSection(ExtensibilityGlobals) = postSolution
		SolutionGuid = {F649D456-9524-44C6-935C-B22D9E77A5B6}
	EndGlobalSection
EndGlobal
