<?xml version="1.0" encoding="utf-8"?>
<Project ToolsVersion="4.0" xmlns="http://schemas.microsoft.com/developer/msbuild/2003">
  <ItemGroup>
    <ClCompile Include="..\..\code\main.cpp" />
    <ClCompile Include="..\..\code\display.cpp" />
    <ClCompile Include="..\..\code\vector.cpp" />
    <ClCompile Include="..\..\code\mesh.cpp" />
    <ClCompile Include="..\..\code\triangle.cpp" />
    <ClCompile Include="..\..\code\matrix.cpp" />
    <ClCompile Include="..\..\code\light.cpp" />
    <ClCompile Include="..\..\extern\upng-master\upng.c">
      <Filter>extern\upng</Filter>
    </ClCompile>
    <ClCompile Include="..\..\code\camera.cpp" />
    <ClCompile Include="..\..\code\clipping.cpp" />
    <ClCompile Include="..\..\code\arena.cpp" />
    <ClCompile Include="..\..\extern\tracy\TracyClient.cpp">
      <Filter>extern\tracy</Filter>
    </ClCompile>
  </ItemGroup>
  <ItemGroup>
    <ClInclude Include="..\..\code\common.h" />
    <ClInclude Include="..\..\code\display.h" />
    <ClInclude Include="..\..\code\vector.h" />
    <ClInclude Include="..\..\code\mesh.h" />
    <ClInclude Include="..\..\code\triangle.h" />
    <ClInclude Include="..\..\code\log.h" />
    <ClInclude Include="..\..\code\colorlibrary.h" />
    <ClInclude Include="..\..\code\matrix.h" />
    <ClInclude Include="..\..\code\light.h" />
    <ClInclude Include="..\..\code\texture.h" />
    <ClInclude Include="..\..\extern\upng-master\upng.h">
      <Filter>extern\upng</Filter>
    </ClInclude>
    <ClInclude Include="..\..\code\camera.h" />
    <ClInclude Include="..\..\code\clipping.h" />
    <ClInclude Include="..\..\code\arena.h" />
    <ClInclude Include="..\..\code\profile.h" />
  </ItemGroup>
  <ItemGroup>
    <Filter Include="extern">
      <UniqueIdentifier>{ce00acc9-ca5b-45b7-aeaa-80c372d1571a}</UniqueIdentifier>
    </Filter>
    <Filter Include="extern\upng">
      <UniqueIdentifier>{4510ff3e-a339-4e65-bcd8-697eba907d03}</UniqueIdentifier>
    </Filter>
    <Filter Include="extern\tracy">
      <UniqueIdentifier>{929c6762-c550-447e-afed-8f8f173df1c0}</UniqueIdentifier>
    </Filter>
  </ItemGroup>
</Project>