<?xml version="1.0" encoding="utf-8"?>
<Project ToolsVersion="4.0" xmlns="http://schemas.microsoft.com/developer/msbuild/2003">
  <ItemGroup>
    <ClCompile Include="..\..\code\main.cpp" />
    <ClCompile Include="..\..\code\display.cpp" />
  </ItemGroup>
  <ItemGroup>
    <ClInclude Include="..\..\code\common.h" />
    <ClInclude Include="..\..\code\display.h" />
  </ItemGroup>
</Project>