<?xml version="1.0" encoding="utf-8"?>
<Project ToolsVersion="4.0" xmlns="http://schemas.microsoft.com/developer/msbuild/2003">
  <ItemGroup>
    <None Include="$(MSBuildThisFileDirectory)..\..\.gitignore" />
    <None Include="$(MSBuildThisFileDirectory)..\..\README.md" />
  </ItemGroup>
  <ItemGroup>
    <Filter Include="assets">
      <UniqueIdentifier>{30575d8e-d535-43f7-9e94-d6385f02046f}</UniqueIdentifier>
    </Filter>
  </ItemGroup>
  <ItemGroup>
    <Object Include="$(MSBuildThisFileDirectory)..\..\data\assets\crab.obj">
      <Filter>assets</Filter>
    </Object>
    <Object Include="$(MSBuildThisFileDirectory)..\..\data\assets\cube.obj">
      <Filter>assets</Filter>
    </Object>
    <Object Include="$(MSBuildThisFileDirectory)..\..\data\assets\drone.obj">
      <Filter>assets</Filter>
    </Object>
    <Object Include="$(MSBuildThisFileDirectory)..\..\data\assets\efa.obj">
      <Filter>assets</Filter>
    </Object>
    <Object Include="$(MSBuildThisFileDirectory)..\..\data\assets\f22.obj">
      <Filter>assets</Filter>
    </Object>
    <Object Include="$(MSBuildThisFileDirectory)..\..\data\assets\f117.obj">
      <Filter>assets</Filter>
    </Object>
    <Object Include="$(MSBuildThisFileDirectory)..\..\data\assets\sphere.obj">
      <Filter>assets</Filter>
    </Object>
  </ItemGroup>
  <ItemGroup>
    <Image Include="$(MSBuildThisFileDirectory)..\..\data\assets\crab.png">
      <Filter>assets</Filter>
    </Image>
    <Image Include="$(MSBuildThisFileDirectory)..\..\data\assets\cube.png">
      <Filter>assets</Filter>
    </Image>
    <Image Include="$(MSBuildThisFileDirectory)..\..\data\assets\drone.png">
      <Filter>assets</Filter>
    </Image>
    <Image Include="$(MSBuildThisFileDirectory)..\..\data\assets\efa.png">
      <Filter>assets</Filter>
    </Image>
    <Image Include="$(MSBuildThisFileDirectory)..\..\data\assets\f22.png">
      <Filter>assets</Filter>
    </Image>
    <Image Include="$(MSBuildThisFileDirectory)..\..\data\assets\f117.png">
      <Filter>assets</Filter>
    </Image>
    <Image Include="$(MSBuildThisFileDirectory)..\..\data\assets\pikuma.png">
      <Filter>assets</Filter>
    </Image>
  </ItemGroup>
</Project>